PODS:
  - native-navigation (0.1.0):
    - React
  - React (0.41.101):
    - React/Core (= 0.41.101)
  - React/Core (0.41.101):
    - React/cxxreact
    - React/yoga
  - React/cxxreact (0.41.101):
    - React/jschelpers
  - React/jschelpers (0.41.101)
  - React/RCTAnimation (0.41.101):
    - React/Core
  - React/RCTImage (0.41.101):
    - React/Core
    - React/RCTNetwork
  - React/RCTNetwork (0.41.101):
    - React/Core
  - React/RCTText (0.41.101):
    - React/Core
  - React/RCTWebSocket (0.41.101):
    - React/Core
  - React/yoga (0.41.101)

DEPENDENCIES:
  - native-navigation (from `../../`)
  - React/Core (from `../../node_modules/react-native`)
  - React/RCTAnimation (from `../../node_modules/react-native`)
  - React/RCTImage (from `../../node_modules/react-native`)
  - React/RCTNetwork (from `../../node_modules/react-native`)
  - React/RCTText (from `../../node_modules/react-native`)
  - React/RCTWebSocket (from `../../node_modules/react-native`)

EXTERNAL SOURCES:
  native-navigation:
    :path: "../../"
  React:
    :path: "../../node_modules/react-native"

SPEC CHECKSUMS:
  native-navigation: 23b0ef13de8bd9aaa4dbaa115e9b7055e6844987
  React: 4787ac12335f4638b697a3cb446995b67da487ab

PODFILE CHECKSUM: 0fc574ad668400aaa3b824e6e981792b8d5b0a78

COCOAPODS: 1.1.1
