PODS:
  - native-navigation (0.1.0):
    - React
  - React (0.42.3):
    - React/Core (= 0.42.3)
  - React/Core (0.42.3):
    - React/cxxreact
    - Yoga (= 0.42.3.React)
  - React/cxxreact (0.42.3):
    - React/jschelpers
  - React/jschelpers (0.42.3)
  - React/RCTAnimation (0.42.3):
    - React/Core
  - React/RCTImage (0.42.3):
    - React/Core
    - React/RCTNetwork
  - React/RCTNetwork (0.42.3):
    - React/Core
  - React/RCTText (0.42.3):
    - React/Core
  - React/RCTWebSocket (0.42.3):
    - React/Core
  - Yoga (0.42.3.React)

DEPENDENCIES:
  - native-navigation (from `../../`)
  - React/Core (from `../../node_modules/react-native`)
  - React/RCTAnimation (from `../../node_modules/react-native`)
  - React/RCTImage (from `../../node_modules/react-native`)
  - React/RCTNetwork (from `../../node_modules/react-native`)
  - React/RCTText (from `../../node_modules/react-native`)
  - React/RCTWebSocket (from `../../node_modules/react-native`)
  - Yoga (from `../../node_modules/react-native/ReactCommon/yoga/Yoga.podspec`)

EXTERNAL SOURCES:
  native-navigation:
    :path: "../../"
  React:
    :path: "../../node_modules/react-native"
  Yoga:
    :path: "../../node_modules/react-native/ReactCommon/yoga/Yoga.podspec"

SPEC CHECKSUMS:
  native-navigation: 23b0ef13de8bd9aaa4dbaa115e9b7055e6844987
  React: 35e039680feacd0563677d49ba410112d2748559
  Yoga: 86ce777665c8259b94ef8dbea76b84634237f4ea

PODFILE CHECKSUM: 62780c26b71f717952c8247c70052484dc91c6b3

COCOAPODS: 1.2.0
